{
  "version": 4,
  "terraform_version": "1.1.8",
  "serial": 3,
  "lineage": "372b182b-8a70-24bc-e033-121842d28a4d",
  "outputs": {},
  "resources": [
    {
      "mode": "managed",
      "type": "google_redis_instance",
      "name": "redis-from_tf",
      "provider": "provider[\"registry.terraform.io/hashicorp/google\"]",
      "instances": [
        {
          "schema_version": 0,
          "attributes": {
            "alternative_location_id": "",
            "auth_enabled": false,
            "auth_string": "",
            "authorized_network": "projects/mihai-test-341609/global/networks/default",
            "connect_mode": "DIRECT_PEERING",
            "create_time": "2022-04-12T18:53:41.969807381Z",
            "current_location_id": "asia-southeast1-a",
            "display_name": "Redis Instance from terraform",
            "host": "10.168.244.59",
            "id": "projects/mihai-test-341609/locations/asia-southeast1/instances/redis-from-tf",
            "labels": null,
            "location_id": "asia-southeast1-a",
            "memory_size_gb": 1,
            "name": "redis-from-tf",
            "persistence_iam_identity": "serviceAccount:975474809552-compute@developer.gserviceaccount.com",
            "port": 6379,
            "project": "mihai-test-341609",
            "redis_configs": null,
            "redis_version": "REDIS_5_0",
            "region": "asia-southeast1",
            "reserved_ip_range": "10.168.244.56/29",
            "server_ca_certs": [],
            "tier": "BASIC",
            "timeouts": null,
            "transit_encryption_mode": "DISABLED"
          },
          "sensitive_attributes": [],
          "private": "eyJlMmJmYjczMC1lY2FhLTExZTYtOGY4OC0zNDM2M2JjN2M0YzAiOnsiY3JlYXRlIjoxMjAwMDAwMDAwMDAwLCJkZWxldGUiOjEyMDAwMDAwMDAwMDAsInVwZGF0ZSI6MTIwMDAwMDAwMDAwMH19"
        }
      ]
    }
  ]
}
