{
  "version": 4,
  "terraform_version": "1.1.7",
  "serial": 41,
  "lineage": "3978c92d-cecd-3a66-fa5e-cd3cc50567a1",
  "outputs": {},
  "resources": [
    {
      "mode": "managed",
      "type": "google_storage_bucket",
      "name": "GCS1",
      "provider": "provider[\"registry.terraform.io/hashicorp/google\"]",
      "instances": [
        {
          "schema_version": 0,
          "attributes": {
            "bucket_policy_only": true,
            "cors": [],
            "default_event_based_hold": false,
            "encryption": [],
            "force_destroy": false,
            "id": "tf-course-bucket-from-terraform111111",
            "labels": {
              "dep": "complience",
              "env": "tf_env"
            },
            "lifecycle_rule": [
              {
                "action": [
                  {
                    "storage_class": "COLDLINE",
                    "type": "SetStorageClass"
                  }
                ],
                "condition": [
                  {
                    "age": 5,
                    "created_before": "",
                    "custom_time_before": "",
                    "days_since_custom_time": 0,
                    "days_since_noncurrent_time": 0,
                    "matches_storage_class": [],
                    "noncurrent_time_before": "",
                    "num_newer_versions": 0,
                    "with_state": "ANY"
                  }
                ]
              }
            ],
            "location": "US-CENTRAL1",
            "logging": [],
            "name": "tf-course-bucket-from-terraform111111",
            "project": "mihai-test-341609",
            "requester_pays": false,
            "retention_policy": [
              {
                "is_locked": true,
                "retention_period": 300
              }
            ],
            "self_link": "https://www.googleapis.com/storage/v1/b/tf-course-bucket-from-terraform111111",
            "storage_class": "NEARLINE",
            "uniform_bucket_level_access": true,
            "url": "gs://tf-course-bucket-from-terraform111111",
            "versioning": [],
            "website": []
          },
          "sensitive_attributes": [],
          "private": "bnVsbA=="
        }
      ]
    },
    {
      "mode": "managed",
      "type": "google_storage_bucket_object",
      "name": "picture",
      "provider": "provider[\"registry.terraform.io/hashicorp/google\"]",
      "instances": [
        {
          "schema_version": 0,
          "attributes": {
            "bucket": "tf-course-bucket-from-terraform111111",
            "cache_control": "",
            "content": null,
            "content_disposition": "",
            "content_encoding": "",
            "content_language": "",
            "content_type": "image/png",
            "crc32c": "93m+GA==",
            "customer_encryption": [],
            "detect_md5hash": "8+Rihz67AqfxTCwXKwA0Rg==",
            "event_based_hold": false,
            "id": "tf-course-bucket-from-terraform111111-terraform_logo",
            "kms_key_name": "",
            "md5hash": "8+Rihz67AqfxTCwXKwA0Rg==",
            "media_link": "https://storage.googleapis.com/download/storage/v1/b/tf-course-bucket-from-terraform111111/o/terraform_logo?generation=1646396982090259\u0026alt=media",
            "metadata": null,
            "name": "terraform_logo",
            "output_name": "terraform_logo",
            "self_link": "https://www.googleapis.com/storage/v1/b/tf-course-bucket-from-terraform111111/o/terraform_logo",
            "source": "download.png",
            "storage_class": "NEARLINE",
            "temporary_hold": false,
            "timeouts": null
          },
          "sensitive_attributes": [],
          "private": "eyJlMmJmYjczMC1lY2FhLTExZTYtOGY4OC0zNDM2M2JjN2M0YzAiOnsiY3JlYXRlIjoyNDAwMDAwMDAwMDAsImRlbGV0ZSI6MjQwMDAwMDAwMDAwLCJ1cGRhdGUiOjI0MDAwMDAwMDAwMH19",
          "dependencies": [
            "google_storage_bucket.GCS1"
          ]
        }
      ]
    }
  ]
}
