{
  "version": 4,
  "terraform_version": "1.1.7",
  "serial": 7,
  "lineage": "1c284e8e-4c66-c53f-309f-49db68f0bc0a",
  "outputs": {},
  "resources": [
    {
      "mode": "managed",
      "type": "google_spanner_database",
      "name": "db1",
      "provider": "provider[\"registry.terraform.io/hashicorp/google\"]",
      "instances": [
        {
          "schema_version": 0,
          "attributes": {
            "ddl": null,
            "deletion_protection": false,
            "encryption_config": [],
            "id": "spannertf/db1",
            "instance": "spannertf",
            "name": "db1",
            "project": "mihai-test-341609",
            "state": "READY",
            "timeouts": null
          },
          "sensitive_attributes": [],
          "private": "eyJlMmJmYjczMC1lY2FhLTExZTYtOGY4OC0zNDM2M2JjN2M0YzAiOnsiY3JlYXRlIjoyNDAwMDAwMDAwMDAsImRlbGV0ZSI6MjQwMDAwMDAwMDAwLCJ1cGRhdGUiOjI0MDAwMDAwMDAwMH19",
          "dependencies": [
            "google_spanner_instance.spanner_tf"
          ]
        }
      ]
    },
    {
      "mode": "managed",
      "type": "google_spanner_instance",
      "name": "spanner_tf",
      "provider": "provider[\"registry.terraform.io/hashicorp/google\"]",
      "instances": [
        {
          "schema_version": 0,
          "attributes": {
            "config": "projects/mihai-test-341609/instanceConfigs/regional-asia-south1",
            "display_name": "Spanner from TF",
            "force_destroy": false,
            "id": "mihai-test-341609/spannertf",
            "labels": {
              "env": "learningtf"
            },
            "name": "spannertf",
            "num_nodes": 1,
            "processing_units": 1000,
            "project": "mihai-test-341609",
            "state": "READY",
            "timeouts": null
          },
          "sensitive_attributes": [],
          "private": "eyJlMmJmYjczMC1lY2FhLTExZTYtOGY4OC0zNDM2M2JjN2M0YzAiOnsiY3JlYXRlIjoyNDAwMDAwMDAwMDAsImRlbGV0ZSI6MjQwMDAwMDAwMDAwLCJ1cGRhdGUiOjI0MDAwMDAwMDAwMH19"
        }
      ]
    }
  ]
}
