{
  "version": 4,
  "terraform_version": "1.1.7",
  "serial": 29,
  "lineage": "965cd095-423d-6dd3-7395-567b8e970b1e",
  "outputs": {},
  "resources": [
    {
      "mode": "managed",
      "type": "google_compute_attached_disk",
      "name": "adisk",
      "provider": "provider[\"registry.terraform.io/hashicorp/google\"]",
      "instances": [
        {
          "schema_version": 0,
          "attributes": {
            "device_name": "persistent-disk-1",
            "disk": "projects/mihai-test-341609/zones/asia-southeast1-a/disks/disk-1",
            "id": "projects/mihai-test-341609/zones/asia-southeast1-a/instances/vm-from-tf/disk-1",
            "instance": "projects/mihai-test-341609/zones/asia-southeast1-a/instances/vm-from-tf",
            "mode": "READ_WRITE",
            "project": "mihai-test-341609",
            "timeouts": null,
            "zone": "asia-southeast1-a"
          },
          "sensitive_attributes": [],
          "private": "eyJlMmJmYjczMC1lY2FhLTExZTYtOGY4OC0zNDM2M2JjN2M0YzAiOnsiY3JlYXRlIjozMDAwMDAwMDAwMDAsImRlbGV0ZSI6MzAwMDAwMDAwMDAwfX0=",
          "dependencies": [
            "google_compute_disk.disk-1",
            "google_compute_instance.vm-from-tf"
          ]
        }
      ]
    },
    {
      "mode": "managed",
      "type": "google_compute_disk",
      "name": "disk-1",
      "provider": "provider[\"registry.terraform.io/hashicorp/google\"]",
      "instances": [
        {
          "schema_version": 0,
          "attributes": {
            "creation_timestamp": "2022-03-09T11:14:53.364-08:00",
            "description": "",
            "disk_encryption_key": [],
            "id": "projects/mihai-test-341609/zones/asia-southeast1-a/disks/disk-1",
            "image": "",
            "label_fingerprint": "42WmSpB8rSM=",
            "labels": {},
            "last_attach_timestamp": "",
            "last_detach_timestamp": "",
            "name": "disk-1",
            "physical_block_size_bytes": 4096,
            "project": "mihai-test-341609",
            "provisioned_iops": 0,
            "self_link": "https://www.googleapis.com/compute/v1/projects/mihai-test-341609/zones/asia-southeast1-a/disks/disk-1",
            "size": 15,
            "snapshot": "",
            "source_image_encryption_key": [],
            "source_image_id": "",
            "source_snapshot_encryption_key": [],
            "source_snapshot_id": "",
            "timeouts": null,
            "type": "pd-ssd",
            "users": [],
            "zone": "asia-southeast1-a"
          },
          "sensitive_attributes": [],
          "private": "eyJlMmJmYjczMC1lY2FhLTExZTYtOGY4OC0zNDM2M2JjN2M0YzAiOnsiY3JlYXRlIjozMDAwMDAwMDAwMDAsImRlbGV0ZSI6MjQwMDAwMDAwMDAwLCJ1cGRhdGUiOjI0MDAwMDAwMDAwMH19"
        }
      ]
    },
    {
      "mode": "managed",
      "type": "google_compute_instance",
      "name": "vm-from-tf",
      "provider": "provider[\"registry.terraform.io/hashicorp/google\"]",
      "instances": [
        {
          "schema_version": 6,
          "attributes": {
            "advanced_machine_features": [],
            "allow_stopping_for_update": true,
            "attached_disk": [],
            "boot_disk": [
              {
                "auto_delete": false,
                "device_name": "persistent-disk-0",
                "disk_encryption_key_raw": "",
                "disk_encryption_key_sha256": "",
                "initialize_params": [
                  {
                    "image": "https://www.googleapis.com/compute/v1/projects/debian-cloud/global/images/debian-9-stretch-v20220303",
                    "labels": {},
                    "size": 30,
                    "type": "pd-standard"
                  }
                ],
                "kms_key_self_link": "",
                "mode": "READ_WRITE",
                "source": "https://www.googleapis.com/compute/v1/projects/mihai-test-341609/zones/asia-southeast1-a/disks/vm-from-tf"
              }
            ],
            "can_ip_forward": false,
            "confidential_instance_config": [],
            "cpu_platform": "Intel Broadwell",
            "current_status": "RUNNING",
            "deletion_protection": false,
            "description": "",
            "desired_status": null,
            "enable_display": false,
            "guest_accelerator": [],
            "hostname": "",
            "id": "projects/mihai-test-341609/zones/asia-southeast1-a/instances/vm-from-tf",
            "instance_id": "2174951023583089396",
            "label_fingerprint": "3ZeghxAyvyE=",
            "labels": {
              "env": "tflearning"
            },
            "machine_type": "n1-standard-2",
            "metadata": {},
            "metadata_fingerprint": "vFXLGgY-k3Q=",
            "metadata_startup_script": "",
            "min_cpu_platform": "",
            "name": "vm-from-tf",
            "network_interface": [
              {
                "access_config": [],
                "alias_ip_range": [],
                "name": "nic0",
                "network": "https://www.googleapis.com/compute/v1/projects/mihai-test-341609/global/networks/custom-vpc-tf",
                "network_ip": "10.1.0.5",
                "nic_type": "",
                "subnetwork": "https://www.googleapis.com/compute/v1/projects/mihai-test-341609/regions/asia-southeast1/subnetworks/sub-sg",
                "subnetwork_project": "mihai-test-341609"
              }
            ],
            "project": "mihai-test-341609",
            "reservation_affinity": [],
            "resource_policies": [],
            "scheduling": [
              {
                "automatic_restart": false,
                "min_node_cpus": 0,
                "node_affinities": [],
                "on_host_maintenance": "MIGRATE",
                "preemptible": false
              }
            ],
            "scratch_disk": [],
            "self_link": "https://www.googleapis.com/compute/v1/projects/mihai-test-341609/zones/asia-southeast1-a/instances/vm-from-tf",
            "service_account": [
              {
                "email": "terraform-access@mihai-test-341609.iam.gserviceaccount.com",
                "scopes": [
                  "https://www.googleapis.com/auth/cloud-platform"
                ]
              }
            ],
            "shielded_instance_config": [],
            "tags": [],
            "tags_fingerprint": "42WmSpB8rSM=",
            "timeouts": null,
            "zone": "asia-southeast1-a"
          },
          "sensitive_attributes": [],
          "private": "eyJlMmJmYjczMC1lY2FhLTExZTYtOGY4OC0zNDM2M2JjN2M0YzAiOnsiY3JlYXRlIjoxMjAwMDAwMDAwMDAwLCJkZWxldGUiOjEyMDAwMDAwMDAwMDAsInVwZGF0ZSI6MTIwMDAwMDAwMDAwMH0sInNjaGVtYV92ZXJzaW9uIjoiNiJ9"
        }
      ]
    }
  ]
}
