{
  "version": 4,
  "terraform_version": "1.1.7",
  "serial": 87,
  "lineage": "103d057a-b772-f52b-a454-1dfd99577ab2",
  "outputs": {},
  "resources": [
    {
      "mode": "managed",
      "type": "google_cloudfunctions_function",
      "name": "fun_from_tf",
      "provider": "provider[\"registry.terraform.io/hashicorp/google\"]",
      "instances": [
        {
          "schema_version": 0,
          "attributes": {
            "available_memory_mb": 128,
            "build_environment_variables": null,
            "description": "This is my first function from terraform script",
            "entry_point": "helloWorldtf",
            "environment_variables": {},
            "event_trigger": [],
            "https_trigger_url": "https://us-central1-mihai-test-341609.cloudfunctions.net/fun_bucket_tf111111",
            "id": "projects/mihai-test-341609/locations/us-central1/functions/fun_bucket_tf111111",
            "ingress_settings": "ALLOW_ALL",
            "labels": {},
            "max_instances": 0,
            "name": "fun_bucket_tf111111",
            "project": "mihai-test-341609",
            "region": "us-central1",
            "runtime": "nodejs14",
            "service_account_email": "mihai-test-341609@appspot.gserviceaccount.com",
            "source_archive_bucket": "fun_bucket_tf111111",
            "source_archive_object": "index.zip",
            "source_repository": [],
            "timeout": 60,
            "timeouts": null,
            "trigger_http": true,
            "vpc_connector": "",
            "vpc_connector_egress_settings": ""
          },
          "sensitive_attributes": [],
          "private": "eyJlMmJmYjczMC1lY2FhLTExZTYtOGY4OC0zNDM2M2JjN2M0YzAiOnsiY3JlYXRlIjozMDAwMDAwMDAwMDAsImRlbGV0ZSI6MzAwMDAwMDAwMDAwLCJyZWFkIjozMDAwMDAwMDAwMDAsInVwZGF0ZSI6MzAwMDAwMDAwMDAwfX0=",
          "dependencies": [
            "google_storage_bucket.fun_bucket",
            "google_storage_bucket_object.srccode"
          ]
        }
      ]
    },
    {
      "mode": "managed",
      "type": "google_cloudfunctions_function_iam_member",
      "name": "allowaccess",
      "provider": "provider[\"registry.terraform.io/hashicorp/google\"]",
      "instances": [
        {
          "schema_version": 0,
          "attributes": {
            "cloud_function": "projects/mihai-test-341609/locations/us-central1/functions/fun_bucket_tf111111",
            "condition": [],
            "etag": "BwXbmzc9rRM=",
            "id": "projects/mihai-test-341609/locations/us-central1/functions/fun_bucket_tf111111/roles/cloudfunctions.invoker/allUsers",
            "member": "allUsers",
            "project": "mihai-test-341609",
            "region": "us-central1",
            "role": "roles/cloudfunctions.invoker"
          },
          "sensitive_attributes": [],
          "private": "bnVsbA==",
          "dependencies": [
            "google_cloudfunctions_function.fun_from_tf"
          ]
        }
      ]
    },
    {
      "mode": "managed",
      "type": "google_storage_bucket",
      "name": "fun_bucket",
      "provider": "provider[\"registry.terraform.io/hashicorp/google\"]",
      "instances": [
        {
          "schema_version": 0,
          "attributes": {
            "bucket_policy_only": false,
            "cors": [],
            "default_event_based_hold": false,
            "encryption": [],
            "force_destroy": false,
            "id": "fun_bucket_tf111111",
            "labels": {},
            "lifecycle_rule": [],
            "location": "US",
            "logging": [],
            "name": "fun_bucket_tf111111",
            "project": "mihai-test-341609",
            "requester_pays": false,
            "retention_policy": [],
            "self_link": "https://www.googleapis.com/storage/v1/b/fun_bucket_tf111111",
            "storage_class": "STANDARD",
            "uniform_bucket_level_access": false,
            "url": "gs://fun_bucket_tf111111",
            "versioning": [],
            "website": []
          },
          "sensitive_attributes": [],
          "private": "bnVsbA=="
        }
      ]
    },
    {
      "mode": "managed",
      "type": "google_storage_bucket_object",
      "name": "srccode",
      "provider": "provider[\"registry.terraform.io/hashicorp/google\"]",
      "instances": [
        {
          "schema_version": 0,
          "attributes": {
            "bucket": "fun_bucket_tf111111",
            "cache_control": "",
            "content": null,
            "content_disposition": "",
            "content_encoding": "",
            "content_language": "",
            "content_type": "application/zip",
            "crc32c": "ojp0vA==",
            "customer_encryption": [],
            "detect_md5hash": "/c3Y+y1yfTxQclO2WKUBPQ==",
            "event_based_hold": false,
            "id": "fun_bucket_tf111111-index.zip",
            "kms_key_name": "",
            "md5hash": "/c3Y+y1yfTxQclO2WKUBPQ==",
            "media_link": "https://storage.googleapis.com/download/storage/v1/b/fun_bucket_tf111111/o/index.zip?generation=1648819760577697\u0026alt=media",
            "metadata": {},
            "name": "index.zip",
            "output_name": "index.zip",
            "self_link": "https://www.googleapis.com/storage/v1/b/fun_bucket_tf111111/o/index.zip",
            "source": "index.zip",
            "storage_class": "STANDARD",
            "temporary_hold": false,
            "timeouts": null
          },
          "sensitive_attributes": [],
          "private": "eyJlMmJmYjczMC1lY2FhLTExZTYtOGY4OC0zNDM2M2JjN2M0YzAiOnsiY3JlYXRlIjoyNDAwMDAwMDAwMDAsImRlbGV0ZSI6MjQwMDAwMDAwMDAwLCJ1cGRhdGUiOjI0MDAwMDAwMDAwMH19",
          "dependencies": [
            "google_storage_bucket.fun_bucket"
          ]
        }
      ]
    }
  ]
}
