{
  "version": 4,
  "terraform_version": "1.1.6",
  "serial": 24,
  "lineage": "f9db95a4-ca99-a171-3cb9-de0f2cd8e20a",
  "outputs": {},
  "resources": [
    {
      "mode": "managed",
      "type": "google_storage_bucket",
      "name": "google_storage_simple_bucket",
      "provider": "provider[\"registry.terraform.io/hashicorp/google\"]",
      "instances": [
        {
          "schema_version": 0,
          "attributes": {
            "bucket_policy_only": false,
            "cors": [],
            "default_event_based_hold": false,
            "encryption": [],
            "force_destroy": false,
            "id": "my-first-test-bucket-cd1d61f93be7008be285486058cb00a3",
            "labels": null,
            "lifecycle_rule": [],
            "location": "US",
            "logging": [],
            "name": "my-first-test-bucket-cd1d61f93be7008be285486058cb00a3",
            "project": "mihai-test-341609",
            "requester_pays": false,
            "retention_policy": [],
            "self_link": "https://www.googleapis.com/storage/v1/b/my-first-test-bucket-cd1d61f93be7008be285486058cb00a3",
            "storage_class": "STANDARD",
            "uniform_bucket_level_access": false,
            "url": "gs://my-first-test-bucket-cd1d61f93be7008be285486058cb00a3",
            "versioning": [],
            "website": []
          },
          "sensitive_attributes": [],
          "private": "bnVsbA==",
          "dependencies": [
            "random_id.google_storage_bucket_simple_name"
          ]
        }
      ]
    },
    {
      "mode": "managed",
      "type": "random_id",
      "name": "google_storage_bucket_simple_name",
      "provider": "provider[\"registry.terraform.io/hashicorp/random\"]",
      "instances": [
        {
          "schema_version": 0,
          "attributes": {
            "b64_std": "zR1h+TvnAIvihUhgWMsAow==",
            "b64_url": "zR1h-TvnAIvihUhgWMsAow",
            "byte_length": 16,
            "dec": "272644302884888164234569312069701271715",
            "hex": "cd1d61f93be7008be285486058cb00a3",
            "id": "zR1h-TvnAIvihUhgWMsAow",
            "keepers": null,
            "prefix": null
          },
          "sensitive_attributes": [],
          "private": "bnVsbA=="
        }
      ]
    }
  ]
}
