{
  "version": 4,
  "terraform_version": "1.1.7",
  "serial": 8,
  "lineage": "1cacf04b-03d5-9c62-8b00-46ec31c92ce7",
  "outputs": {},
  "resources": [
    {
      "mode": "managed",
      "type": "google_bigquery_dataset",
      "name": "bd_ds",
      "provider": "provider[\"registry.terraform.io/hashicorp/google\"]",
      "instances": [
        {
          "schema_version": 0,
          "attributes": {
            "access": [
              {
                "domain": "",
                "group_by_email": "",
                "role": "OWNER",
                "special_group": "",
                "user_by_email": "terraform-access@mihai-test-341609.iam.gserviceaccount.com",
                "view": []
              },
              {
                "domain": "",
                "group_by_email": "",
                "role": "OWNER",
                "special_group": "projectOwners",
                "user_by_email": "",
                "view": []
              },
              {
                "domain": "",
                "group_by_email": "",
                "role": "READER",
                "special_group": "projectReaders",
                "user_by_email": "",
                "view": []
              },
              {
                "domain": "",
                "group_by_email": "",
                "role": "WRITER",
                "special_group": "projectWriters",
                "user_by_email": "",
                "view": []
              }
            ],
            "creation_time": 1648993643438,
            "dataset_id": "ds_from_tf",
            "default_encryption_configuration": [],
            "default_partition_expiration_ms": 0,
            "default_table_expiration_ms": 0,
            "delete_contents_on_destroy": false,
            "description": "",
            "etag": "iHuFbKOI6o1gri5sEo882w==",
            "friendly_name": "",
            "id": "projects/mihai-test-341609/datasets/ds_from_tf",
            "labels": {},
            "last_modified_time": 1648993643438,
            "location": "US",
            "project": "mihai-test-341609",
            "self_link": "https://bigquery.googleapis.com/bigquery/v2/projects/mihai-test-341609/datasets/ds_from_tf",
            "timeouts": null
          },
          "sensitive_attributes": [],
          "private": "eyJlMmJmYjczMC1lY2FhLTExZTYtOGY4OC0zNDM2M2JjN2M0YzAiOnsiY3JlYXRlIjoyNDAwMDAwMDAwMDAsImRlbGV0ZSI6MjQwMDAwMDAwMDAwLCJ1cGRhdGUiOjI0MDAwMDAwMDAwMH19"
        }
      ]
    },
    {
      "mode": "managed",
      "type": "google_bigquery_table",
      "name": "table_tf",
      "provider": "provider[\"registry.terraform.io/hashicorp/google\"]",
      "instances": [
        {
          "schema_version": 0,
          "attributes": {
            "clustering": null,
            "creation_time": 1648993644213,
            "dataset_id": "ds_from_tf",
            "deletion_protection": false,
            "description": "",
            "encryption_configuration": [],
            "etag": "9RxeeM6nwIbTX2ySFTzEtg==",
            "expiration_time": 0,
            "external_data_configuration": [],
            "friendly_name": "",
            "id": "projects/mihai-test-341609/datasets/ds_from_tf/tables/table_from_tf",
            "labels": {},
            "last_modified_time": 1648993644261,
            "location": "US",
            "materialized_view": [],
            "num_bytes": 0,
            "num_long_term_bytes": 0,
            "num_rows": 0,
            "project": "mihai-test-341609",
            "range_partitioning": [],
            "schema": null,
            "self_link": "https://bigquery.googleapis.com/bigquery/v2/projects/mihai-test-341609/datasets/ds_from_tf/tables/table_from_tf",
            "table_id": "table_from_tf",
            "time_partitioning": [],
            "type": "TABLE",
            "view": []
          },
          "sensitive_attributes": [],
          "private": "bnVsbA==",
          "dependencies": [
            "google_bigquery_dataset.bd_ds"
          ]
        }
      ]
    }
  ]
}
