{
  "version": 4,
  "terraform_version": "1.1.8",
  "serial": 5,
  "lineage": "a0748446-de0c-ee8a-dfe2-27431f100c61",
  "outputs": {},
  "resources": [
    {
      "mode": "managed",
      "type": "google_bigtable_instance",
      "name": "bt-from-tf",
      "provider": "provider[\"registry.terraform.io/hashicorp/google\"]",
      "instances": [
        {
          "schema_version": 1,
          "attributes": {
            "cluster": [
              {
                "cluster_id": "bt-from-f-1",
                "kms_key_name": "",
                "num_nodes": 1,
                "storage_type": "SSD",
                "zone": "us-central1-a"
              }
            ],
            "deletion_protection": false,
            "display_name": "bt-from-tf",
            "id": "projects/mihai-test-341609/instances/bt-from-tf",
            "instance_type": "PRODUCTION",
            "labels": {
              "env": "testing"
            },
            "name": "bt-from-tf",
            "project": "mihai-test-341609"
          },
          "sensitive_attributes": [],
          "private": "eyJzY2hlbWFfdmVyc2lvbiI6IjEifQ=="
        }
      ]
    },
    {
      "mode": "managed",
      "type": "google_bigtable_table",
      "name": "tb1",
      "provider": "provider[\"registry.terraform.io/hashicorp/google\"]",
      "instances": [
        {
          "schema_version": 0,
          "attributes": {
            "column_family": [],
            "id": "projects/mihai-test-341609/instances/bt-from-tf/tables/tb-from-tf",
            "instance_name": "bt-from-tf",
            "name": "tb-from-tf",
            "project": "mihai-test-341609",
            "split_keys": null
          },
          "sensitive_attributes": [],
          "private": "bnVsbA==",
          "dependencies": [
            "google_bigtable_instance.bt-from-tf"
          ]
        }
      ]
    }
  ]
}
