{
  "version": 4,
  "terraform_version": "1.1.7",
  "serial": 6,
  "lineage": "836ba806-3001-8fc2-2139-d95dc37c24b4",
  "outputs": {},
  "resources": [
    {
      "mode": "managed",
      "type": "google_sql_database_instance",
      "name": "mysql-from-tf",
      "provider": "provider[\"registry.terraform.io/hashicorp/google\"]",
      "instances": [
        {
          "schema_version": 0,
          "attributes": {
            "clone": [],
            "connection_name": "mihai-test-341609:us-central1:mysql-from-tf",
            "database_version": "MYSQL_5_6",
            "deletion_protection": false,
            "first_ip_address": "34.72.150.106",
            "id": "mysql-from-tf",
            "ip_address": [
              {
                "ip_address": "34.72.150.106",
                "time_to_retire": "",
                "type": "PRIMARY"
              }
            ],
            "master_instance_name": "",
            "name": "mysql-from-tf",
            "private_ip_address": "",
            "project": "mihai-test-341609",
            "public_ip_address": "34.72.150.106",
            "region": "us-central1",
            "replica_configuration": [],
            "restore_backup_context": [],
            "root_password": null,
            "self_link": "https://sqladmin.googleapis.com/sql/v1beta4/projects/mihai-test-341609/instances/mysql-from-tf",
            "server_ca_cert": [
              {
                "cert": "-----BEGIN CERTIFICATE-----\nMIIDfzCCAmegAwIBAgIBADANBgkqhkiG9w0BAQsFADB3MS0wKwYDVQQuEyQ3ZjJl\nZjIyYi0yZTE3LTQ4OTAtYWNiNi05NWQ4OTE5ODQxZjUxIzAhBgNVBAMTGkdvb2ds\nZSBDbG91ZCBTUUwgU2VydmVyIENBMRQwEgYDVQQKEwtHb29nbGUsIEluYzELMAkG\nA1UEBhMCVVMwHhcNMjIwNDA3MTU1NjM3WhcNMzIwNDA0MTU1NzM3WjB3MS0wKwYD\nVQQuEyQ3ZjJlZjIyYi0yZTE3LTQ4OTAtYWNiNi05NWQ4OTE5ODQxZjUxIzAhBgNV\nBAMTGkdvb2dsZSBDbG91ZCBTUUwgU2VydmVyIENBMRQwEgYDVQQKEwtHb29nbGUs\nIEluYzELMAkGA1UEBhMCVVMwggEiMA0GCSqGSIb3DQEBAQUAA4IBDwAwggEKAoIB\nAQC4K6Kg3li83iFKyEwdkkWsEclv1Cr7AixmCvWfxLCanRYr8I/tM9OOspi+Q50E\nN44XOnmFGVtYmIhdPsd0l9Hl7/VhKnQ78Rlx1XV/0yvJhvlporJyQCCc5IlXjl4I\n9/aC4P6MqU34R5WZNHjHVygNkRNEv/GSiHoMlXuSSWHLIUJki+8UHljximyJ2/9P\nBudlbYcDM0ITC/N816f0vxkFRTms6gw1nd/Kh9AaxhkBXrKPsrO5bGNPNOT+dCb7\nvZgqBsUg+76dlYXZJ6YMhHP3oO2onjTWBAkIiUIkquqtMotISOIScu3Qw2HZrftA\n7NTWMNZkcx3CNcFL4hV//IZDAgMBAAGjFjAUMBIGA1UdEwEB/wQIMAYBAf8CAQAw\nDQYJKoZIhvcNAQELBQADggEBAEcoSoa3hHmKjAHTI8avL20bUWwqMOA4AIqDpNC4\nYD2DP0XDOKx8Jf8//gHqsM8tK1zHvZaxU7yiBDaX8sKoXUR70wzjO4QeihnqufRu\nQab4c7ldCh82IxGxz5apeqZF0ywK11fUObrW+/tEwqy9OQgP94m7F1GolIpkeDbn\nIijFLrSdR18zFNiHSoHPe2BUhzZlL3BtBu0qqii5XJuOv2OzuMa4HArUAJEShL+O\n1jEXfvjDYVUdoNsFzzROk6shvqAp/2faD9GUkooDGYAh1cf7f3qzjwTzIwUP9yRj\nWeIdvkqlsTSN7sgPwfn2RH4QSqsYr1Pk7HgfnqDkQns2TAI=\n-----END CERTIFICATE-----",
                "common_name": "C=US,O=Google\\, Inc,CN=Google Cloud SQL Server CA,dnQualifier=7f2ef22b-2e17-4890-acb6-95d8919841f5",
                "create_time": "2022-04-07T15:56:37.278Z",
                "expiration_time": "2032-04-04T15:57:37.278Z",
                "sha1_fingerprint": "93a17e5018bd0b8296793e4fa33a6c8d189260a9"
              }
            ],
            "service_account_email_address": "p940365574844-15xjny@gcp-sa-cloud-sql.iam.gserviceaccount.com",
            "settings": [
              {
                "activation_policy": "ALWAYS",
                "authorized_gae_applications": [],
                "availability_type": "ZONAL",
                "backup_configuration": [
                  {
                    "backup_retention_settings": [
                      {
                        "retained_backups": 7,
                        "retention_unit": "COUNT"
                      }
                    ],
                    "binary_log_enabled": false,
                    "enabled": false,
                    "location": "",
                    "point_in_time_recovery_enabled": false,
                    "start_time": "20:00",
                    "transaction_log_retention_days": 7
                  }
                ],
                "collation": "",
                "crash_safe_replication": false,
                "database_flags": [],
                "disk_autoresize": true,
                "disk_autoresize_limit": 0,
                "disk_size": 10,
                "disk_type": "PD_SSD",
                "insights_config": [],
                "ip_configuration": [
                  {
                    "authorized_networks": [],
                    "ipv4_enabled": true,
                    "private_network": "",
                    "require_ssl": false
                  }
                ],
                "location_preference": [
                  {
                    "follow_gae_application": "",
                    "zone": "us-central1-a"
                  }
                ],
                "maintenance_window": [],
                "pricing_plan": "PER_USE",
                "replication_type": "SYNCHRONOUS",
                "tier": "db-f1-micro",
                "user_labels": {},
                "version": 1
              }
            ],
            "timeouts": null
          },
          "sensitive_attributes": [],
          "private": "eyJlMmJmYjczMC1lY2FhLTExZTYtOGY4OC0zNDM2M2JjN2M0YzAiOnsiY3JlYXRlIjoxODAwMDAwMDAwMDAwLCJkZWxldGUiOjE4MDAwMDAwMDAwMDAsInVwZGF0ZSI6MTgwMDAwMDAwMDAwMH19"
        }
      ]
    },
    {
      "mode": "managed",
      "type": "google_sql_user",
      "name": "myuser",
      "provider": "provider[\"registry.terraform.io/hashicorp/google\"]",
      "instances": [
        {
          "schema_version": 1,
          "attributes": {
            "deletion_policy": null,
            "host": "",
            "id": "mihai//mysql-from-tf",
            "instance": "mysql-from-tf",
            "name": "mihai",
            "password": "root123",
            "project": "mihai-test-341609",
            "timeouts": null,
            "type": ""
          },
          "sensitive_attributes": [],
          "private": "eyJlMmJmYjczMC1lY2FhLTExZTYtOGY4OC0zNDM2M2JjN2M0YzAiOnsiY3JlYXRlIjo2MDAwMDAwMDAwMDAsImRlbGV0ZSI6NjAwMDAwMDAwMDAwLCJ1cGRhdGUiOjYwMDAwMDAwMDAwMH0sInNjaGVtYV92ZXJzaW9uIjoiMSJ9",
          "dependencies": [
            "google_sql_database_instance.mysql-from-tf"
          ]
        }
      ]
    }
  ]
}
